# @generated by Move, please check-in and do not edit manually.

[move]
version = 0
manifest_digest = "5D3B02656E970AC1BC6CEFFC5178B117AAA85057CCB2EE5FF84F03898CDB6E62"
deps_digest = "8B1E8E662E81AB200980CE643428AFA7EA5F9A87F7B36FA334F8BB7CCAD6EB2D"

dependencies = [
  { name = "Sui" },
]

[[move.package]]
name = "MoveStdlib"
source = { git = "https://github.com/MystenLabs/sui.git", rev = "testnet", subdir = "crates\\sui-framework\\packages\\move-stdlib" }

[[move.package]]
name = "Sui"
source = { git = "https://github.com/MystenLabs/sui.git", rev = "testnet", subdir = "crates/sui-framework/packages/sui-framework" }

dependencies = [
  { name = "MoveStdlib" },
]
